
Microsoft Visual Studio Solution File, Format Version 12.00
# Visual Studio Version 17
VisualStudioVersion = 17.4.33213.308
MinimumVisualStudioVersion = 10.0.40219.1
Project("{FAE04EC0-301F-11D3-BF4B-00C04F79EFBC}") = "CreditCard", "CreditCard\CreditCard.csproj", "{4509BBC3-BB0C-40A1-9386-E6AFCE1C7429}"
EndProject
Global
	GlobalSection(SolutionConfigurationPlatforms) = preSolution
		Debug|Any CPU = Debug|Any CPU
		Release|Any CPU = Release|Any CPU
	EndGlobalSection
	GlobalSection(ProjectConfigurationPlatforms) = postSolution
		{4509BBC3-BB0C-40A1-9386-E6AFCE1C7429}.Debug|Any CPU.ActiveCfg = Debug|Any CPU
		{4509BBC3-BB0C-40A1-9386-E6AFCE1C7429}.Debug|Any CPU.Build.0 = Debug|Any CPU
		{4509BBC3-BB0C-40A1-9386-E6AFCE1C7429}.Release|Any CPU.ActiveCfg = Release|Any CPU
		{4509BBC3-BB0C-40A1-9386-E6AFCE1C7429}.Release|Any CPU.Build.0 = Release|Any CPU
	EndGlobalSection
	GlobalSection(SolutionProperties) = preSolution
		HideSolutionNode = FALSE
	EndGlobalSection
	GlobalSection(ExtensibilityGlobals) = postSolution
		SolutionGuid = {700DFBD3-ADDB-4DDE-A4A3-46F689AD5258}
	EndGlobalSection
EndGlobal
